{
  "lockfile_version": "1",
  "packages": {
    "apptainer@latest": {
      "last_modified": "2026-05-27T10:28:13Z",
      "resolved": "github:NixOS/nixpkgs/4100e830e085863741bc69b156ec4ccd53ab5be0#apptainer",
      "source": "devbox-search",
      "version": "1.5.0",
      "systems": {
        "aarch64-linux": {
          "outputs": [
            {
              "name": "out",
              "path": "/nix/store/z9cgfqsq9z0cdjdzibxbl4jh5xsksxhg-apptainer-1.5.0",
              "default": true
            }
          ],
          "store_path": "/nix/store/z9cgfqsq9z0cdjdzibxbl4jh5xsksxhg-apptainer-1.5.0"
        },
        "x86_64-linux": {
          "outputs": [
            {
              "name": "out",
              "path": "/nix/store/ir0s44s0jrg8gkgaqgcyfbg7n4hqszlx-apptainer-1.5.0",
              "default": true
            }
          ],
          "store_path": "/nix/store/ir0s44s0jrg8gkgaqgcyfbg7n4hqszlx-apptainer-1.5.0"
        }
      }
    },
    "basedpyright@latest": {
      "last_modified": "2026-05-03T08:31:49Z",
      "resolved": "github:NixOS/nixpkgs/90c100cb48d61a0316b9479bb03f1be36d34b92a#basedpyright",
      "source": "devbox-search",
      "version": "1.39.3",
      "systems": {
        "aarch64-darwin": {
          "outputs": [
            {
              "name": "out",
              "path": "/nix/store/i48r8nm1n96ikz9m26sqwifcy9jpyhn3-basedpyright-1.39.3",
              "default": true
            }
          ],
          "store_path": "/nix/store/i48r8nm1n96ikz9m26sqwifcy9jpyhn3-basedpyright-1.39.3"
        },
        "aarch64-linux": {
          "outputs": [
            {
              "name": "out",
              "path": "/nix/store/297ybyh6sz7lrgh9li9gp9gkn0zrd6dx-basedpyright-1.39.3",
              "default": true
            }
          ],
          "store_path": "/nix/store/297ybyh6sz7lrgh9li9gp9gkn0zrd6dx-basedpyright-1.39.3"
        },
        "x86_64-darwin": {
          "outputs": [
            {
              "name": "out",
              "path": "/nix/store/8hms21qxddys4j40iqwg1ivyhcyi60pf-basedpyright-1.39.3",
              "default": true
            }
          ],
          "store_path": "/nix/store/8hms21qxddys4j40iqwg1ivyhcyi60pf-basedpyright-1.39.3"
        },
        "x86_64-linux": {
          "outputs": [
            {
              "name": "out",
              "path": "/nix/store/4q7n7kqmrlhzn5i7f3951bll723rn10a-basedpyright-1.39.3",
              "default": true
            }
          ],
          "store_path": "/nix/store/4q7n7kqmrlhzn5i7f3951bll723rn10a-basedpyright-1.39.3"
        }
      }
    },
    "bun@latest": {
      "last_modified": "2026-05-03T16:35:46Z",
      "resolved": "github:NixOS/nixpkgs/73c703c22422b8951895a960959dbbaca7296492#bun",
      "source": "devbox-search",
      "version": "1.3.13",
      "systems": {
        "aarch64-darwin": {
          "outputs": [
            {
              "name": "out",
              "path": "/nix/store/i4rqz2p2bayrl6pv9l36y4fzhqx7k1zv-bun-1.3.13",
              "default": true
            }
          ],
          "store_path": "/nix/store/i4rqz2p2bayrl6pv9l36y4fzhqx7k1zv-bun-1.3.13"
        },
        "aarch64-linux": {
          "outputs": [
            {
              "name": "out",
              "path": "/nix/store/1q2xsp98qhjy6rsz3nga795c3mgsjhia-bun-1.3.13",
              "default": true
            }
          ],
          "store_path": "/nix/store/1q2xsp98qhjy6rsz3nga795c3mgsjhia-bun-1.3.13"
        },
        "x86_64-darwin": {
          "outputs": [
            {
              "name": "out",
              "path": "/nix/store/31jsiwr1nq8pi4jvyjpq0zi28a4fyay0-bun-1.3.13",
              "default": true
            }
          ],
          "store_path": "/nix/store/31jsiwr1nq8pi4jvyjpq0zi28a4fyay0-bun-1.3.13"
        },
        "x86_64-linux": {
          "outputs": [
            {
              "name": "out",
              "path": "/nix/store/g0zlmqvkvn41xqva3460jfzpazivywvi-bun-1.3.13",
              "default": true
            }
          ],
          "store_path": "/nix/store/g0zlmqvkvn41xqva3460jfzpazivywvi-bun-1.3.13"
        }
      }
    },
    "github:NixOS/nixpkgs/nixpkgs-unstable": {
      "last_modified": "2026-05-07T03:23:16Z",
      "resolved": "github:NixOS/nixpkgs/68a8af93ff4297686cb68880845e61e5e2e41d92?lastModified=1778124196"
    },
    "ruff@latest": {
      "last_modified": "2026-04-28T17:03:49Z",
      "resolved": "github:NixOS/nixpkgs/e75f25705c2934955ee5075e62530d74aca973c6#ruff",
      "source": "devbox-search",
      "version": "0.15.12",
      "systems": {
        "aarch64-darwin": {
          "outputs": [
            {
              "name": "out",
              "path": "/nix/store/vaqnnrhxwmj73hwn8jwcs1q6ix17fd2k-ruff-0.15.12",
              "default": true
            }
          ],
          "store_path": "/nix/store/vaqnnrhxwmj73hwn8jwcs1q6ix17fd2k-ruff-0.15.12"
        },
        "aarch64-linux": {
          "outputs": [
            {
              "name": "out",
              "path": "/nix/store/b4hb3zim99khxjl4ncliy5pm9gzkq9ba-ruff-0.15.12",
              "default": true
            }
          ],
          "store_path": "/nix/store/b4hb3zim99khxjl4ncliy5pm9gzkq9ba-ruff-0.15.12"
        },
        "x86_64-darwin": {
          "outputs": [
            {
              "name": "out",
              "path": "/nix/store/wbrlvj0zkrchsnwyd0l6s36nzvfpq9hm-ruff-0.15.12",
              "default": true
            }
          ],
          "store_path": "/nix/store/wbrlvj0zkrchsnwyd0l6s36nzvfpq9hm-ruff-0.15.12"
        },
        "x86_64-linux": {
          "outputs": [
            {
              "name": "out",
              "path": "/nix/store/97mrhz21xc7dx218i36m6s9jyi7q5469-ruff-0.15.12",
              "default": true
            }
          ],
          "store_path": "/nix/store/97mrhz21xc7dx218i36m6s9jyi7q5469-ruff-0.15.12"
        }
      }
    },
    "typst@latest": {
      "last_modified": "2026-05-21T08:15:18Z",
      "resolved": "github:NixOS/nixpkgs/4a29d733e8a7d5b824c3d8c958a946a9867b3eb2#typst",
      "source": "devbox-search",
      "version": "0.14.2",
      "systems": {
        "aarch64-darwin": {
          "outputs": [
            {
              "name": "out",
              "path": "/nix/store/k9mjg0khw2xii5ssjc5x4nmblwkr82g8-typst-0.14.2",
              "default": true
            }
          ],
          "store_path": "/nix/store/k9mjg0khw2xii5ssjc5x4nmblwkr82g8-typst-0.14.2"
        },
        "aarch64-linux": {
          "outputs": [
            {
              "name": "out",
              "path": "/nix/store/61kvn3z01nljx5k18s4832lqmv1zyfn4-typst-0.14.2",
              "default": true
            }
          ],
          "store_path": "/nix/store/61kvn3z01nljx5k18s4832lqmv1zyfn4-typst-0.14.2"
        },
        "x86_64-darwin": {
          "outputs": [
            {
              "name": "out",
              "path": "/nix/store/r1sqwsdbwz9sr9y9070a2s47y2q0visg-typst-0.14.2",
              "default": true
            }
          ],
          "store_path": "/nix/store/r1sqwsdbwz9sr9y9070a2s47y2q0visg-typst-0.14.2"
        },
        "x86_64-linux": {
          "outputs": [
            {
              "name": "out",
              "path": "/nix/store/ry8j6r24psimnq3bfb6ls3kns6gf19xd-typst-0.14.2",
              "default": true
            }
          ],
          "store_path": "/nix/store/ry8j6r24psimnq3bfb6ls3kns6gf19xd-typst-0.14.2"
        }
      }
    },
    "uv@latest": {
      "last_modified": "2026-05-06T02:58:03Z",
      "resolved": "github:NixOS/nixpkgs/ed67bc86e84e51d4a88e73c7fd36006dc876476f#uv",
      "source": "devbox-search",
      "version": "0.11.10",
      "systems": {
        "aarch64-darwin": {
          "outputs": [
            {
              "name": "out",
              "path": "/nix/store/qwfvprgk5wfayh4ijc543hnfaq75d3vw-uv-0.11.10",
              "default": true
            }
          ],
          "store_path": "/nix/store/qwfvprgk5wfayh4ijc543hnfaq75d3vw-uv-0.11.10"
        },
        "aarch64-linux": {
          "outputs": [
            {
              "name": "out",
              "path": "/nix/store/j3azs6q2k0x47lmb4j0145ks6mmp6v3p-uv-0.11.10",
              "default": true
            }
          ],
          "store_path": "/nix/store/j3azs6q2k0x47lmb4j0145ks6mmp6v3p-uv-0.11.10"
        },
        "x86_64-darwin": {
          "outputs": [
            {
              "name": "out",
              "path": "/nix/store/8nlc9vg73sd3552filxslpmw1jrq59c6-uv-0.11.10",
              "default": true
            }
          ],
          "store_path": "/nix/store/8nlc9vg73sd3552filxslpmw1jrq59c6-uv-0.11.10"
        },
        "x86_64-linux": {
          "outputs": [
            {
              "name": "out",
              "path": "/nix/store/k6k1r5fbi9kgq0vdliwx0vd9kzg8qas8-uv-0.11.10",
              "default": true
            }
          ],
          "store_path": "/nix/store/k6k1r5fbi9kgq0vdliwx0vd9kzg8qas8-uv-0.11.10"
        }
      }
    }
  }
}
